
Microsoft Visual Studio Solution File, Format Version 12.00
# Visual Studio 14
VisualStudioVersion = 14.0.25123.0
MinimumVisualStudioVersion = 10.0.40219.1
Project("{FAE04EC0-301F-11D3-BF4B-00C04F79EFBC}") = "HearthDb", "HearthDb\HearthDb.csproj", "{7ED14243-E02B-4B94-AF00-A67A62C282F0}"
EndProject
Project("{FAE04EC0-301F-11D3-BF4B-00C04F79EFBC}") = "HearthDb.Tests", "HearthDb.Tests\HearthDb.Tests.csproj", "{CB4162D6-E64D-4D3A-9207-9C850B684183}"
EndProject
Project("{FAE04EC0-301F-11D3-BF4B-00C04F79EFBC}") = "HearthDb.CardIdGenerator", "HearthDb.CardIdGenerator\HearthDb.CardIdGenerator.csproj", "{89D6853A-FAEF-4E66-B5C5-95FFE71E9C8C}"
EndProject
Project("{FAE04EC0-301F-11D3-BF4B-00C04F79EFBC}") = "HearthDb.EnumsGenerator", "HearthDb.EnumsGenerator\HearthDb.EnumsGenerator.csproj", "{D6D59655-923E-4745-BF2E-9E59CB0F10D7}"
EndProject
Global
	GlobalSection(SolutionConfigurationPlatforms) = preSolution
		Debug|Any CPU = Debug|Any CPU
		Debug|x86 = Debug|x86
		Release|Any CPU = Release|Any CPU
		Release|x86 = Release|x86
	EndGlobalSection
	GlobalSection(ProjectConfigurationPlatforms) = postSolution
		{7ED14243-E02B-4B94-AF00-A67A62C282F0}.Debug|Any CPU.ActiveCfg = Debug|Any CPU
		{7ED14243-E02B-4B94-AF00-A67A62C282F0}.Debug|Any CPU.Build.0 = Debug|Any CPU
		{7ED14243-E02B-4B94-AF00-A67A62C282F0}.Debug|x86.ActiveCfg = Debug|x86
		{7ED14243-E02B-4B94-AF00-A67A62C282F0}.Debug|x86.Build.0 = Debug|x86
		{7ED14243-E02B-4B94-AF00-A67A62C282F0}.Release|Any CPU.ActiveCfg = Release|Any CPU
		{7ED14243-E02B-4B94-AF00-A67A62C282F0}.Release|Any CPU.Build.0 = Release|Any CPU
		{7ED14243-E02B-4B94-AF00-A67A62C282F0}.Release|x86.ActiveCfg = Release|x86
		{7ED14243-E02B-4B94-AF00-A67A62C282F0}.Release|x86.Build.0 = Release|x86
		{CB4162D6-E64D-4D3A-9207-9C850B684183}.Debug|Any CPU.ActiveCfg = Debug|Any CPU
		{CB4162D6-E64D-4D3A-9207-9C850B684183}.Debug|Any CPU.Build.0 = Debug|Any CPU
		{CB4162D6-E64D-4D3A-9207-9C850B684183}.Debug|x86.ActiveCfg = Debug|x86
		{CB4162D6-E64D-4D3A-9207-9C850B684183}.Debug|x86.Build.0 = Debug|x86
		{CB4162D6-E64D-4D3A-9207-9C850B684183}.Release|Any CPU.ActiveCfg = Release|Any CPU
		{CB4162D6-E64D-4D3A-9207-9C850B684183}.Release|Any CPU.Build.0 = Release|Any CPU
		{CB4162D6-E64D-4D3A-9207-9C850B684183}.Release|x86.ActiveCfg = Release|x86
		{CB4162D6-E64D-4D3A-9207-9C850B684183}.Release|x86.Build.0 = Release|x86
		{89D6853A-FAEF-4E66-B5C5-95FFE71E9C8C}.Debug|Any CPU.ActiveCfg = Debug|Any CPU
		{89D6853A-FAEF-4E66-B5C5-95FFE71E9C8C}.Debug|Any CPU.Build.0 = Debug|Any CPU
		{89D6853A-FAEF-4E66-B5C5-95FFE71E9C8C}.Debug|x86.ActiveCfg = Debug|x86
		{89D6853A-FAEF-4E66-B5C5-95FFE71E9C8C}.Debug|x86.Build.0 = Debug|x86
		{89D6853A-FAEF-4E66-B5C5-95FFE71E9C8C}.Release|Any CPU.ActiveCfg = Release|Any CPU
		{89D6853A-FAEF-4E66-B5C5-95FFE71E9C8C}.Release|Any CPU.Build.0 = Release|Any CPU
		{89D6853A-FAEF-4E66-B5C5-95FFE71E9C8C}.Release|x86.ActiveCfg = Release|x86
		{89D6853A-FAEF-4E66-B5C5-95FFE71E9C8C}.Release|x86.Build.0 = Release|x86
		{D6D59655-923E-4745-BF2E-9E59CB0F10D7}.Debug|Any CPU.ActiveCfg = Debug|Any CPU
		{D6D59655-923E-4745-BF2E-9E59CB0F10D7}.Debug|Any CPU.Build.0 = Debug|Any CPU
		{D6D59655-923E-4745-BF2E-9E59CB0F10D7}.Debug|x86.ActiveCfg = Debug|Any CPU
		{D6D59655-923E-4745-BF2E-9E59CB0F10D7}.Debug|x86.Build.0 = Debug|Any CPU
		{D6D59655-923E-4745-BF2E-9E59CB0F10D7}.Release|Any CPU.ActiveCfg = Release|Any CPU
		{D6D59655-923E-4745-BF2E-9E59CB0F10D7}.Release|Any CPU.Build.0 = Release|Any CPU
		{D6D59655-923E-4745-BF2E-9E59CB0F10D7}.Release|x86.ActiveCfg = Release|Any CPU
		{D6D59655-923E-4745-BF2E-9E59CB0F10D7}.Release|x86.Build.0 = Release|Any CPU
	EndGlobalSection
	GlobalSection(SolutionProperties) = preSolution
		HideSolutionNode = FALSE
	EndGlobalSection
EndGlobal
